
Microsoft Visual Studio Solution File, Format Version 12.00
# Visual Studio Version 17
VisualStudioVersion = 17.3.32929.385
MinimumVisualStudioVersion = 10.0.40219.1
Project("{9A19103F-16F7-4668-BE54-9A1E7A4F7556}") = "AM Downloader", "AM Downloader\AM Downloader.csproj", "{0A3FCC28-B99A-44AA-82EE-CBB35E8EE054}"
EndProject
Project("{2150E333-8FDC-42A3-9474-1A3956D46DE8}") = "Solution Items", "Solution Items", "{9852AF91-8AED-405B-B3F4-41F569760F8A}"
	ProjectSection(SolutionItems) = preProject
		.editorconfig = .editorconfig
		Directory.Build.props = Directory.Build.props
	EndProjectSection
EndProject
Global
	GlobalSection(SolutionConfigurationPlatforms) = preSolution
		Debug|Any CPU = Debug|Any CPU
		Debug|x64 = Debug|x64
		Debug|x86 = Debug|x86
		Release|Any CPU = Release|Any CPU
		Release|x64 = Release|x64
		Release|x86 = Release|x86
	EndGlobalSection
	GlobalSection(ProjectConfigurationPlatforms) = postSolution
		{0A3FCC28-B99A-44AA-82EE-CBB35E8EE054}.Debug|Any CPU.ActiveCfg = Debug|Any CPU
		{0A3FCC28-B99A-44AA-82EE-CBB35E8EE054}.Debug|Any CPU.Build.0 = Debug|Any CPU
		{0A3FCC28-B99A-44AA-82EE-CBB35E8EE054}.Debug|x64.ActiveCfg = Debug|x64
		{0A3FCC28-B99A-44AA-82EE-CBB35E8EE054}.Debug|x64.Build.0 = Debug|x64
		{0A3FCC28-B99A-44AA-82EE-CBB35E8EE054}.Debug|x86.ActiveCfg = Debug|x86
		{0A3FCC28-B99A-44AA-82EE-CBB35E8EE054}.Debug|x86.Build.0 = Debug|x86
		{0A3FCC28-B99A-44AA-82EE-CBB35E8EE054}.Release|Any CPU.ActiveCfg = Release|Any CPU
		{0A3FCC28-B99A-44AA-82EE-CBB35E8EE054}.Release|Any CPU.Build.0 = Release|Any CPU
		{0A3FCC28-B99A-44AA-82EE-CBB35E8EE054}.Release|x64.ActiveCfg = Release|x64
		{0A3FCC28-B99A-44AA-82EE-CBB35E8EE054}.Release|x64.Build.0 = Release|x64
		{0A3FCC28-B99A-44AA-82EE-CBB35E8EE054}.Release|x86.ActiveCfg = Release|x86
		{0A3FCC28-B99A-44AA-82EE-CBB35E8EE054}.Release|x86.Build.0 = Release|x86
	EndGlobalSection
	GlobalSection(SolutionProperties) = preSolution
		HideSolutionNode = FALSE
	EndGlobalSection
	GlobalSection(ExtensibilityGlobals) = postSolution
		SolutionGuid = {6A7FD7D9-2BDF-4B77-B9CB-4E36895413F5}
	EndGlobalSection
EndGlobal
